
Microsoft Visual Studio Solution File, Format Version 12.00
# Visual Studio Express 2012 for Windows Desktop
Project("{FAE04EC0-301F-11D3-BF4B-00C04F79EFBC}") = "EventMonitor", "EventMonitor.csproj", "{81EA1437-6E41-4EDE-951A-1AB160153AAB}"
EndProject
Project("{FAE04EC0-301F-11D3-BF4B-00C04F79EFBC}") = "EventMonitorTests", "..\EventMonitorTests\EventMonitorTests.csproj", "{367C0165-3FDE-4432-8F64-1B786AEC43DD}"
EndProject
Project("{FAE04EC0-301F-11D3-BF4B-00C04F79EFBC}") = "EventGenerator", "..\EventGenerator\EventGenerator.csproj", "{0B83D6FC-D180-4A89-8ED1-776A22221103}"
EndProject
Global
	GlobalSection(SolutionConfigurationPlatforms) = preSolution
		Debug|Any CPU = Debug|Any CPU
		Release|Any CPU = Release|Any CPU
	EndGlobalSection
	GlobalSection(ProjectConfigurationPlatforms) = postSolution
		{81EA1437-6E41-4EDE-951A-1AB160153AAB}.Debug|Any CPU.ActiveCfg = Debug|Any CPU
		{81EA1437-6E41-4EDE-951A-1AB160153AAB}.Debug|Any CPU.Build.0 = Debug|Any CPU
		{81EA1437-6E41-4EDE-951A-1AB160153AAB}.Release|Any CPU.ActiveCfg = Release|Any CPU
		{81EA1437-6E41-4EDE-951A-1AB160153AAB}.Release|Any CPU.Build.0 = Release|Any CPU
		{367C0165-3FDE-4432-8F64-1B786AEC43DD}.Debug|Any CPU.ActiveCfg = Debug|Any CPU
		{367C0165-3FDE-4432-8F64-1B786AEC43DD}.Debug|Any CPU.Build.0 = Debug|Any CPU
		{367C0165-3FDE-4432-8F64-1B786AEC43DD}.Release|Any CPU.ActiveCfg = Release|Any CPU
		{367C0165-3FDE-4432-8F64-1B786AEC43DD}.Release|Any CPU.Build.0 = Release|Any CPU
		{0B83D6FC-D180-4A89-8ED1-776A22221103}.Debug|Any CPU.ActiveCfg = Debug|Any CPU
		{0B83D6FC-D180-4A89-8ED1-776A22221103}.Debug|Any CPU.Build.0 = Debug|Any CPU
		{0B83D6FC-D180-4A89-8ED1-776A22221103}.Release|Any CPU.ActiveCfg = Release|Any CPU
		{0B83D6FC-D180-4A89-8ED1-776A22221103}.Release|Any CPU.Build.0 = Release|Any CPU
	EndGlobalSection
	GlobalSection(SolutionProperties) = preSolution
		HideSolutionNode = FALSE
	EndGlobalSection
EndGlobal
